
Microsoft Visual Studio Solution File, Format Version 12.00
# Visual Studio Version 17
VisualStudioVersion = 17.13.35931.197 d17.13
MinimumVisualStudioVersion = 10.0.40219.1
Project("{FAE04EC0-301F-11D3-BF4B-00C04F79EFBC}") = "Authentication.API", "src\Authentication.API\Authentication.API.csproj", "{040A0764-EC38-407C-9FB6-38040A64BB57}"
EndProject
Project("{2150E333-8FDC-42A3-9474-1A3956D46DE8}") = "src", "src", "{02EA681E-C7D8-13C7-8484-4AC65E1B71E8}"
EndProject
Project("{2150E333-8FDC-42A3-9474-1A3956D46DE8}") = "shared", "shared", "{34B0C1A4-CC7D-4321-8056-35BD493EB16D}"
EndProject
Project("{FAE04EC0-301F-11D3-BF4B-00C04F79EFBC}") = "Emovere.SharedKernel", "..\Emovere.Core\src\Emovere.SharedKernel\Emovere.SharedKernel.csproj", "{F28A4DF3-4C14-C28D-FD44-83E8381A1DB4}"
EndProject
Project("{FAE04EC0-301F-11D3-BF4B-00C04F79EFBC}") = "Emovere.Infrastructure", "..\Emovere.Core\src\Emovere.Infrastructure\Emovere.Infrastructure.csproj", "{72034B3B-4B3B-D0E4-46EC-76C0018D4093}"
EndProject
Project("{FAE04EC0-301F-11D3-BF4B-00C04F79EFBC}") = "Emovere.Communication", "..\Emovere.Core\src\Emovere.Communication\Emovere.Communication.csproj", "{F7471C39-570A-48ED-9799-FEBB8DD0C98B}"
EndProject
Global
	GlobalSection(SolutionConfigurationPlatforms) = preSolution
		Debug|Any CPU = Debug|Any CPU
		Release|Any CPU = Release|Any CPU
	EndGlobalSection
	GlobalSection(ProjectConfigurationPlatforms) = postSolution
		{040A0764-EC38-407C-9FB6-38040A64BB57}.Debug|Any CPU.ActiveCfg = Debug|Any CPU
		{040A0764-EC38-407C-9FB6-38040A64BB57}.Debug|Any CPU.Build.0 = Debug|Any CPU
		{040A0764-EC38-407C-9FB6-38040A64BB57}.Release|Any CPU.ActiveCfg = Release|Any CPU
		{040A0764-EC38-407C-9FB6-38040A64BB57}.Release|Any CPU.Build.0 = Release|Any CPU
		{F28A4DF3-4C14-C28D-FD44-83E8381A1DB4}.Debug|Any CPU.ActiveCfg = Debug|Any CPU
		{F28A4DF3-4C14-C28D-FD44-83E8381A1DB4}.Debug|Any CPU.Build.0 = Debug|Any CPU
		{F28A4DF3-4C14-C28D-FD44-83E8381A1DB4}.Release|Any CPU.ActiveCfg = Release|Any CPU
		{F28A4DF3-4C14-C28D-FD44-83E8381A1DB4}.Release|Any CPU.Build.0 = Release|Any CPU
		{72034B3B-4B3B-D0E4-46EC-76C0018D4093}.Debug|Any CPU.ActiveCfg = Debug|Any CPU
		{72034B3B-4B3B-D0E4-46EC-76C0018D4093}.Debug|Any CPU.Build.0 = Debug|Any CPU
		{72034B3B-4B3B-D0E4-46EC-76C0018D4093}.Release|Any CPU.ActiveCfg = Release|Any CPU
		{72034B3B-4B3B-D0E4-46EC-76C0018D4093}.Release|Any CPU.Build.0 = Release|Any CPU
		{F7471C39-570A-48ED-9799-FEBB8DD0C98B}.Debug|Any CPU.ActiveCfg = Debug|Any CPU
		{F7471C39-570A-48ED-9799-FEBB8DD0C98B}.Debug|Any CPU.Build.0 = Debug|Any CPU
		{F7471C39-570A-48ED-9799-FEBB8DD0C98B}.Release|Any CPU.ActiveCfg = Release|Any CPU
		{F7471C39-570A-48ED-9799-FEBB8DD0C98B}.Release|Any CPU.Build.0 = Release|Any CPU
	EndGlobalSection
	GlobalSection(SolutionProperties) = preSolution
		HideSolutionNode = FALSE
	EndGlobalSection
	GlobalSection(NestedProjects) = preSolution
		{040A0764-EC38-407C-9FB6-38040A64BB57} = {02EA681E-C7D8-13C7-8484-4AC65E1B71E8}
		{F28A4DF3-4C14-C28D-FD44-83E8381A1DB4} = {34B0C1A4-CC7D-4321-8056-35BD493EB16D}
		{72034B3B-4B3B-D0E4-46EC-76C0018D4093} = {34B0C1A4-CC7D-4321-8056-35BD493EB16D}
		{F7471C39-570A-48ED-9799-FEBB8DD0C98B} = {34B0C1A4-CC7D-4321-8056-35BD493EB16D}
	EndGlobalSection
	GlobalSection(ExtensibilityGlobals) = postSolution
		SolutionGuid = {1D3D842D-59E2-4EC8-AD49-6EEA7D8553EB}
	EndGlobalSection
EndGlobal
